Microsoft Visual Studio Solution File, Format Version 12.00
# Visual Studio Version 17
VisualStudioVersion = 17.5.2.0
MinimumVisualStudioVersion = 10.0.40219.1
Project("{FAE04EC0-301F-11D3-BF4B-00C04F79EFBC}") = "5 por tema", "5 por tema.csproj", "{8434C410-FEAA-C696-F534-E7BBB8C5005A}"
EndProject
Global
	GlobalSection(SolutionConfigurationPlatforms) = preSolution
		Debug|Any CPU = Debug|Any CPU
		Release|Any CPU = Release|Any CPU
	EndGlobalSection
	GlobalSection(ProjectConfigurationPlatforms) = postSolution
		{8434C410-FEAA-C696-F534-E7BBB8C5005A}.Debug|Any CPU.ActiveCfg = Debug|Any CPU
		{8434C410-FEAA-C696-F534-E7BBB8C5005A}.Debug|Any CPU.Build.0 = Debug|Any CPU
		{8434C410-FEAA-C696-F534-E7BBB8C5005A}.Release|Any CPU.ActiveCfg = Release|Any CPU
		{8434C410-FEAA-C696-F534-E7BBB8C5005A}.Release|Any CPU.Build.0 = Release|Any CPU
	EndGlobalSection
	GlobalSection(SolutionProperties) = preSolution
		HideSolutionNode = FALSE
	EndGlobalSection
	GlobalSection(ExtensibilityGlobals) = postSolution
		SolutionGuid = {CD271BD0-07E1-4AF6-A485-696E57FDA935}
	EndGlobalSection
EndGlobal
